
Microsoft Visual Studio Solution File, Format Version 12.00
# Visual Studio 14
VisualStudioVersion = 14.0.24720.0
MinimumVisualStudioVersion = 10.0.40219.1
Project("{FAE04EC0-301F-11D3-BF4B-00C04F79EFBC}") = "Scheduling", "Scheduling\Scheduling.csproj", "{D75E1D03-6360-4C8D-9B27-947BB0548A36}"
EndProject
Project("{FAE04EC0-301F-11D3-BF4B-00C04F79EFBC}") = "Metaheuristics", "EvolutionaryAlgorithm\Metaheuristics.csproj", "{BC020B28-B2B1-4270-803D-A9E694A7F01A}"
EndProject
Project("{FAE04EC0-301F-11D3-BF4B-00C04F79EFBC}") = "Application", "Application\Application.csproj", "{C9353A93-A496-45E0-BDC5-43985ACDF278}"
EndProject
Global
	GlobalSection(SolutionConfigurationPlatforms) = preSolution
		Debug|Any CPU = Debug|Any CPU
		Release|Any CPU = Release|Any CPU
	EndGlobalSection
	GlobalSection(ProjectConfigurationPlatforms) = postSolution
		{D75E1D03-6360-4C8D-9B27-947BB0548A36}.Debug|Any CPU.ActiveCfg = Debug|Any CPU
		{D75E1D03-6360-4C8D-9B27-947BB0548A36}.Debug|Any CPU.Build.0 = Debug|Any CPU
		{D75E1D03-6360-4C8D-9B27-947BB0548A36}.Release|Any CPU.ActiveCfg = Release|Any CPU
		{D75E1D03-6360-4C8D-9B27-947BB0548A36}.Release|Any CPU.Build.0 = Release|Any CPU
		{BC020B28-B2B1-4270-803D-A9E694A7F01A}.Debug|Any CPU.ActiveCfg = Debug|Any CPU
		{BC020B28-B2B1-4270-803D-A9E694A7F01A}.Debug|Any CPU.Build.0 = Debug|Any CPU
		{BC020B28-B2B1-4270-803D-A9E694A7F01A}.Release|Any CPU.ActiveCfg = Release|Any CPU
		{BC020B28-B2B1-4270-803D-A9E694A7F01A}.Release|Any CPU.Build.0 = Release|Any CPU
		{C9353A93-A496-45E0-BDC5-43985ACDF278}.Debug|Any CPU.ActiveCfg = Debug|Any CPU
		{C9353A93-A496-45E0-BDC5-43985ACDF278}.Debug|Any CPU.Build.0 = Debug|Any CPU
		{C9353A93-A496-45E0-BDC5-43985ACDF278}.Release|Any CPU.ActiveCfg = Release|Any CPU
		{C9353A93-A496-45E0-BDC5-43985ACDF278}.Release|Any CPU.Build.0 = Release|Any CPU
	EndGlobalSection
	GlobalSection(SolutionProperties) = preSolution
		HideSolutionNode = FALSE
	EndGlobalSection
EndGlobal
